# This file is automatically @generated by Cargo.
# It is not intended for manual editing.
version = 4

[[package]]
name = "rover-core"
version = "0.1.0"

[[package]]
name = "rover-probe"
version = "0.1.0"
dependencies = [
 "rover-core",
 "rover-windows-native",
 "rover-zeroclaw-bridge",
]

[[package]]
name = "rover-windows-native"
version = "0.1.0"
dependencies = [
 "rover-core",
]

[[package]]
name = "rover-zeroclaw-bridge"
version = "0.1.0"
dependencies = [
 "rover-core",
]
